
Microsoft Visual Studio Solution File, Format Version 12.00
# Visual Studio Version 17
VisualStudioVersion = 17.13.35806.99
MinimumVisualStudioVersion = 10.0.40219.1
Project("{FAE04EC0-301F-11D3-BF4B-00C04F79EFBC}") = "MHealth-FitnessAPI", "MHealth-FitnessAPI\MHealth-FitnessAPI.csproj", "{2C16BC17-EE54-48B8-8454-7062D4CEEFD4}"
EndProject
Project("{FAE04EC0-301F-11D3-BF4B-00C04F79EFBC}") = "MHealth-Fitness.Shared", "..\MHealth-Fitness.Shared\MHealth-Fitness.Shared.csproj", "{73967E23-8437-24D5-07D3-A4D2C4436A24}"
EndProject
Global
	GlobalSection(SolutionConfigurationPlatforms) = preSolution
		Debug|Any CPU = Debug|Any CPU
		Release|Any CPU = Release|Any CPU
	EndGlobalSection
	GlobalSection(ProjectConfigurationPlatforms) = postSolution
		{2C16BC17-EE54-48B8-8454-7062D4CEEFD4}.Debug|Any CPU.ActiveCfg = Debug|Any CPU
		{2C16BC17-EE54-48B8-8454-7062D4CEEFD4}.Debug|Any CPU.Build.0 = Debug|Any CPU
		{2C16BC17-EE54-48B8-8454-7062D4CEEFD4}.Release|Any CPU.ActiveCfg = Release|Any CPU
		{2C16BC17-EE54-48B8-8454-7062D4CEEFD4}.Release|Any CPU.Build.0 = Release|Any CPU
		{73967E23-8437-24D5-07D3-A4D2C4436A24}.Debug|Any CPU.ActiveCfg = Debug|Any CPU
		{73967E23-8437-24D5-07D3-A4D2C4436A24}.Debug|Any CPU.Build.0 = Debug|Any CPU
		{73967E23-8437-24D5-07D3-A4D2C4436A24}.Release|Any CPU.ActiveCfg = Release|Any CPU
		{73967E23-8437-24D5-07D3-A4D2C4436A24}.Release|Any CPU.Build.0 = Release|Any CPU
	EndGlobalSection
	GlobalSection(SolutionProperties) = preSolution
		HideSolutionNode = FALSE
	EndGlobalSection
	GlobalSection(ExtensibilityGlobals) = postSolution
		SolutionGuid = {26A0DA08-73AD-4BA8-9BE9-A6F7BB7624AE}
	EndGlobalSection
EndGlobal
